
Microsoft Visual Studio Solution File, Format Version 12.00
# Visual Studio Version 16
VisualStudioVersion = 16.0.30225.117
MinimumVisualStudioVersion = 10.0.40219.1
Project("{FAE04EC0-301F-11D3-BF4B-00C04F79EFBC}") = "Inheriance", "Inheriance\Inheriance.csproj", "{0090F204-3195-4375-B7CA-774D9CB7131F}"
EndProject
Global
	GlobalSection(SolutionConfigurationPlatforms) = preSolution
		Debug|Any CPU = Debug|Any CPU
		Release|Any CPU = Release|Any CPU
	EndGlobalSection
	GlobalSection(ProjectConfigurationPlatforms) = postSolution
		{0090F204-3195-4375-B7CA-774D9CB7131F}.Debug|Any CPU.ActiveCfg = Debug|Any CPU
		{0090F204-3195-4375-B7CA-774D9CB7131F}.Debug|Any CPU.Build.0 = Debug|Any CPU
		{0090F204-3195-4375-B7CA-774D9CB7131F}.Release|Any CPU.ActiveCfg = Release|Any CPU
		{0090F204-3195-4375-B7CA-774D9CB7131F}.Release|Any CPU.Build.0 = Release|Any CPU
	EndGlobalSection
	GlobalSection(SolutionProperties) = preSolution
		HideSolutionNode = FALSE
	EndGlobalSection
	GlobalSection(ExtensibilityGlobals) = postSolution
		SolutionGuid = {AF24EDB9-5445-41EF-9C13-D97958EF59EE}
	EndGlobalSection
EndGlobal
