
Microsoft Visual Studio Solution File, Format Version 12.00
# Visual Studio Version 16
VisualStudioVersion = 16.0.30225.117
MinimumVisualStudioVersion = 10.0.40219.1
Project("{FAE04EC0-301F-11D3-BF4B-00C04F79EFBC}") = "ConsoleAnimal", "ConsoleAnimal\ConsoleAnimal.csproj", "{234425A7-9432-4E13-90A9-A265EA03706B}"
EndProject
Global
	GlobalSection(SolutionConfigurationPlatforms) = preSolution
		Debug|Any CPU = Debug|Any CPU
		Release|Any CPU = Release|Any CPU
	EndGlobalSection
	GlobalSection(ProjectConfigurationPlatforms) = postSolution
		{234425A7-9432-4E13-90A9-A265EA03706B}.Debug|Any CPU.ActiveCfg = Debug|Any CPU
		{234425A7-9432-4E13-90A9-A265EA03706B}.Debug|Any CPU.Build.0 = Debug|Any CPU
		{234425A7-9432-4E13-90A9-A265EA03706B}.Release|Any CPU.ActiveCfg = Release|Any CPU
		{234425A7-9432-4E13-90A9-A265EA03706B}.Release|Any CPU.Build.0 = Release|Any CPU
	EndGlobalSection
	GlobalSection(SolutionProperties) = preSolution
		HideSolutionNode = FALSE
	EndGlobalSection
	GlobalSection(ExtensibilityGlobals) = postSolution
		SolutionGuid = {49627662-F21F-434D-9E96-0D0F9DF82654}
	EndGlobalSection
EndGlobal
